{
  "version": 4,
  "terraform_version": "1.5.5",
  "serial": 8,
  "lineage": "2e8a95c8-4043-04ad-8148-ddf651245962",
  "outputs": {
    "key_name": {
      "value": "test-key-pair",
      "type": "string"
    },
    "security_group_description": {
      "value": "launch-wizard created 2022-04-14T04:59:09.402Z",
      "type": "string"
    },
    "security_group_id": {
      "value": "sg-0238d13bb461abbb4",
      "type": "string"
    },
    "security_group_name": {
      "value": "launch-wizard-1",
      "type": "string"
    },
    "security_group_vpc_id": {
      "value": "vpc-0c8511e69c68ebe19",
      "type": "string"
    }
  },
  "resources": [
    {
      "mode": "data",
      "type": "aws_security_group",
      "name": "existing_sg",
      "provider": "provider[\"registry.terraform.io/hashicorp/aws\"]",
      "instances": [
        {
          "schema_version": 0,
          "attributes": {
            "arn": "arn:aws:ec2:us-east-1:360378364434:security-group/sg-0238d13bb461abbb4",
            "description": "launch-wizard created 2022-04-14T04:59:09.402Z",
            "filter": null,
            "id": "sg-0238d13bb461abbb4",
            "name": "launch-wizard-1",
            "tags": {},
            "timeouts": null,
            "vpc_id": "vpc-0c8511e69c68ebe19"
          },
          "sensitive_attributes": []
        }
      ]
    },
    {
      "module": "module.instance",
      "mode": "managed",
      "type": "aws_ec2_tag",
      "name": "primary_eni",
      "provider": "provider[\"registry.terraform.io/hashicorp/aws\"]",
      "instances": [
        {
          "index_key": "Environment",
          "schema_version": 0,
          "attributes": {
            "id": "eni-0474ef14147cd92c7,Environment",
            "key": "Environment",
            "resource_id": "eni-0474ef14147cd92c7",
            "value": "Test"
          },
          "sensitive_attributes": [],
          "private": "bnVsbA==",
          "dependencies": [
            "data.aws_security_group.existing_sg",
            "module.instance.aws_instance.this",
            "module.key-pair.aws_key_pair.new_key_pair",
            "module.key-pair.data.aws_key_pair.existing_key"
          ]
        },
        {
          "index_key": "Name",
          "schema_version": 0,
          "attributes": {
            "id": "eni-0474ef14147cd92c7,Name",
            "key": "Name",
            "resource_id": "eni-0474ef14147cd92c7",
            "value": "test-instance-PrimaryENI"
          },
          "sensitive_attributes": [],
          "private": "bnVsbA==",
          "dependencies": [
            "data.aws_security_group.existing_sg",
            "module.instance.aws_instance.this",
            "module.key-pair.aws_key_pair.new_key_pair",
            "module.key-pair.data.aws_key_pair.existing_key"
          ]
        },
        {
          "index_key": "Project",
          "schema_version": 0,
          "attributes": {
            "id": "eni-0474ef14147cd92c7,Project",
            "key": "Project",
            "resource_id": "eni-0474ef14147cd92c7",
            "value": "TerraformExample"
          },
          "sensitive_attributes": [],
          "private": "bnVsbA==",
          "dependencies": [
            "data.aws_security_group.existing_sg",
            "module.instance.aws_instance.this",
            "module.key-pair.aws_key_pair.new_key_pair",
            "module.key-pair.data.aws_key_pair.existing_key"
          ]
        }
      ]
    },
    {
      "module": "module.instance",
      "mode": "managed",
      "type": "aws_instance",
      "name": "this",
      "provider": "provider[\"registry.terraform.io/hashicorp/aws\"]",
      "instances": [
        {
          "schema_version": 1,
          "attributes": {
            "ami": "ami-012967cc5a8c9f891",
            "arn": "arn:aws:ec2:us-east-1:360378364434:instance/i-0b23729f398f4097e",
            "associate_public_ip_address": false,
            "availability_zone": "us-east-1a",
            "capacity_reservation_specification": [
              {
                "capacity_reservation_preference": "open",
                "capacity_reservation_target": []
              }
            ],
            "cpu_core_count": 1,
            "cpu_options": [
              {
                "amd_sev_snp": "",
                "core_count": 1,
                "threads_per_core": 2
              }
            ],
            "cpu_threads_per_core": 2,
            "credit_specification": [
              {
                "cpu_credits": "unlimited"
              }
            ],
            "disable_api_stop": false,
            "disable_api_termination": false,
            "ebs_block_device": [],
            "ebs_optimized": false,
            "enclave_options": [
              {
                "enabled": false
              }
            ],
            "ephemeral_block_device": [],
            "get_password_data": false,
            "hibernation": false,
            "host_id": "",
            "host_resource_group_arn": null,
            "iam_instance_profile": "",
            "id": "i-0b23729f398f4097e",
            "instance_initiated_shutdown_behavior": "stop",
            "instance_lifecycle": "",
            "instance_market_options": [],
            "instance_state": "running",
            "instance_type": "t3.micro",
            "ipv6_address_count": 0,
            "ipv6_addresses": [],
            "key_name": "test-key-pair",
            "launch_template": [],
            "maintenance_options": [
              {
                "auto_recovery": "default"
              }
            ],
            "metadata_options": [
              {
                "http_endpoint": "enabled",
                "http_protocol_ipv6": "disabled",
                "http_put_response_hop_limit": 2,
                "http_tokens": "required",
                "instance_metadata_tags": "disabled"
              }
            ],
            "monitoring": false,
            "network_interface": [],
            "outpost_arn": "",
            "password_data": "",
            "placement_group": "",
            "placement_partition_number": 0,
            "primary_network_interface_id": "eni-0474ef14147cd92c7",
            "private_dns": "ip-10-0-0-15.ec2.internal",
            "private_dns_name_options": [
              {
                "enable_resource_name_dns_a_record": false,
                "enable_resource_name_dns_aaaa_record": false,
                "hostname_type": "ip-name"
              }
            ],
            "private_ip": "10.0.0.15",
            "public_dns": "",
            "public_ip": "",
            "root_block_device": [
              {
                "delete_on_termination": false,
                "device_name": "/dev/xvda",
                "encrypted": false,
                "iops": 3000,
                "kms_key_id": "",
                "tags": null,
                "tags_all": {},
                "throughput": 125,
                "volume_id": "vol-07634bc48c1796996",
                "volume_size": 8,
                "volume_type": "gp3"
              }
            ],
            "secondary_private_ips": [],
            "security_groups": [],
            "source_dest_check": true,
            "spot_instance_request_id": "",
            "subnet_id": "subnet-008f139b69a07aca3",
            "tags": {
              "Environment": "Test",
              "Name": "test-instance",
              "Project": "TerraformExample"
            },
            "tags_all": {
              "Environment": "Test",
              "Name": "test-instance",
              "Project": "TerraformExample"
            },
            "tenancy": "default",
            "timeouts": {
              "create": null,
              "delete": null,
              "read": null,
              "update": null
            },
            "user_data": null,
            "user_data_base64": null,
            "user_data_replace_on_change": false,
            "volume_tags": {
              "Environment": "Test",
              "Name": "test-instance-Disk",
              "Project": "TerraformExample"
            },
            "vpc_security_group_ids": [
              "sg-0238d13bb461abbb4"
            ]
          },
          "sensitive_attributes": [],
          "private": "eyJlMmJmYjczMC1lY2FhLTExZTYtOGY4OC0zNDM2M2JjN2M0YzAiOnsiY3JlYXRlIjo2MDAwMDAwMDAwMDAsImRlbGV0ZSI6MTIwMDAwMDAwMDAwMCwicmVhZCI6OTAwMDAwMDAwMDAwLCJ1cGRhdGUiOjYwMDAwMDAwMDAwMH0sInNjaGVtYV92ZXJzaW9uIjoiMSJ9",
          "dependencies": [
            "data.aws_security_group.existing_sg",
            "module.key-pair.aws_key_pair.new_key_pair",
            "module.key-pair.data.aws_key_pair.existing_key"
          ]
        }
      ]
    },
    {
      "module": "module.key-pair",
      "mode": "managed",
      "type": "aws_key_pair",
      "name": "new_key_pair",
      "provider": "provider[\"registry.terraform.io/hashicorp/aws\"]",
      "instances": [
        {
          "index_key": 0,
          "schema_version": 1,
          "attributes": {
            "arn": "arn:aws:ec2:us-east-1:360378364434:key-pair/test-key-pair",
            "fingerprint": "d7:ff:a6:63:18:64:9c:57:a1:ee:ca:a4:ad:c2:81:62",
            "id": "test-key-pair",
            "key_name": "test-key-pair",
            "key_name_prefix": "",
            "key_pair_id": "key-0c8e876b8839324ef",
            "key_type": "rsa",
            "public_key": "ssh-rsa AAAAB3NzaC1yc2EAAAADAQABAAABAQD3F6tyPEFEzV0LX3X8BsXdMsQz1x2cEikKDEY0aIj41qgxMCP/iteneqXSIFZBp5vizPvaoIR3Um9xK7PGoW8giupGn+EPuxIA4cDM4vzOqOkiMPhz5XK0whEjkVzTo4+S0puvDZuwIsdiW9mxhJc7tgBNL0cYlWSYVkz4G/fslNfRPW5mYAM49f4fhtxPb5ok4Q2Lg9dPKVHO/Bgeu5woMc7RY0p1ej6D4CKFE6lymSDJpW0YHX/wqE9+cfEauh7xZcG0q9t2ta6F6fmX0agvpFyZo8aFbXeUBr7osSCJNgvavWbM/06niWrOvYX2xwWdhXmXSrbX8ZbabVohBK41 email@example.com",
            "tags": {
              "Environment": "Test",
              "Project": "TerraformExample"
            },
            "tags_all": {
              "Environment": "Test",
              "Project": "TerraformExample"
            }
          },
          "sensitive_attributes": [],
          "private": "eyJzY2hlbWFfdmVyc2lvbiI6IjEifQ=="
        }
      ]
    },
    {
      "module": "module.securitygroup",
      "mode": "data",
      "type": "aws_security_group",
      "name": "existing_sg",
      "provider": "provider[\"registry.terraform.io/hashicorp/aws\"]",
      "instances": [
        {
          "schema_version": 0,
          "attributes": {
            "arn": "arn:aws:ec2:us-east-1:360378364434:security-group/sg-0238d13bb461abbb4",
            "description": "launch-wizard created 2022-04-14T04:59:09.402Z",
            "filter": null,
            "id": "sg-0238d13bb461abbb4",
            "name": "launch-wizard-1",
            "tags": {},
            "timeouts": null,
            "vpc_id": "vpc-0c8511e69c68ebe19"
          },
          "sensitive_attributes": []
        }
      ]
    },
    {
      "module": "module.volume_attachment",
      "mode": "managed",
      "type": "aws_ebs_volume",
      "name": "this",
      "provider": "provider[\"registry.terraform.io/hashicorp/aws\"]",
      "instances": [
        {
          "index_key": 0,
          "schema_version": 0,
          "attributes": {
            "arn": "arn:aws:ec2:us-east-1:360378364434:volume/vol-0387e21b92ad568ff",
            "availability_zone": "us-east-1a",
            "encrypted": true,
            "final_snapshot": true,
            "id": "vol-0387e21b92ad568ff",
            "iops": 100,
            "kms_key_id": "arn:aws:kms:us-east-1:360378364434:key/a985478c-6ddd-467f-a520-150423d2a8a0",
            "multi_attach_enabled": false,
            "outpost_arn": "",
            "size": 20,
            "snapshot_id": "",
            "tags": {
              "Environment": "Test",
              "Name": "i-0b23729f398f4097e-Disk",
              "Project": "TerraformExample"
            },
            "tags_all": {
              "Environment": "Test",
              "Name": "i-0b23729f398f4097e-Disk",
              "Project": "TerraformExample"
            },
            "throughput": 0,
            "timeouts": null,
            "type": "gp2"
          },
          "sensitive_attributes": [],
          "private": "eyJlMmJmYjczMC1lY2FhLTExZTYtOGY4OC0zNDM2M2JjN2M0YzAiOnsiY3JlYXRlIjozMDAwMDAwMDAwMDAsImRlbGV0ZSI6NjAwMDAwMDAwMDAwLCJ1cGRhdGUiOjMwMDAwMDAwMDAwMH19",
          "dependencies": [
            "data.aws_security_group.existing_sg",
            "module.instance.aws_instance.this",
            "module.key-pair.aws_key_pair.new_key_pair",
            "module.key-pair.data.aws_key_pair.existing_key"
          ]
        }
      ]
    },
    {
      "module": "module.volume_attachment",
      "mode": "managed",
      "type": "aws_volume_attachment",
      "name": "this",
      "provider": "provider[\"registry.terraform.io/hashicorp/aws\"]",
      "instances": [
        {
          "index_key": 0,
          "schema_version": 0,
          "attributes": {
            "device_name": "/dev/xvdf",
            "force_detach": false,
            "id": "vai-1551004855",
            "instance_id": "i-0b23729f398f4097e",
            "skip_destroy": false,
            "stop_instance_before_detaching": true,
            "timeouts": null,
            "volume_id": "vol-0387e21b92ad568ff"
          },
          "sensitive_attributes": [],
          "private": "eyJlMmJmYjczMC1lY2FhLTExZTYtOGY4OC0zNDM2M2JjN2M0YzAiOnsiY3JlYXRlIjozMDAwMDAwMDAwMDAsImRlbGV0ZSI6MzAwMDAwMDAwMDAwfX0=",
          "dependencies": [
            "data.aws_security_group.existing_sg",
            "module.instance.aws_instance.this",
            "module.key-pair.aws_key_pair.new_key_pair",
            "module.key-pair.data.aws_key_pair.existing_key",
            "module.volume_attachment.aws_ebs_volume.this"
          ]
        }
      ]
    }
  ],
  "check_results": null
}
